# THIS IS AN AUTOGENERATED FILE. DO NOT EDIT THIS FILE DIRECTLY.
# yarn lockfile v1


"@assemblyscript/loader@^0.20.18":
  version "0.20.19"
  resolved "https://registry.yarnpkg.com/@assemblyscript/loader/-/loader-0.20.19.tgz#99d0a34824c4053b9b8ff60473ed15c636289859"
  integrity sha512-NWB85L5zgGOkc/XBlZfyBNDEu0k8t/WFcpyo7TXA4ICpG+CYbSjbzV91ynn6uWc9DIgvaFsK7kC64jP7eGGwcw==

assemblyscript@^0.20.18:
  version "0.20.19"
  resolved "https://registry.yarnpkg.com/assemblyscript/-/assemblyscript-0.20.19.tgz#7c29f506a31d526f7d7e3b22908cc8774b378681"
  integrity sha512-IJN2CaAwCdRgTSZz3GiuYyXtXIjETBrlzky9ww9jFlEgH8i0pNFt6MAS3viogkofem+rcY6Fhr/clk+b6LWLBw==
  dependencies:
    binaryen "109.0.0-nightly.20220813"
    long "^5.2.0"

binaryen@109.0.0-nightly.20220813:
  version "109.0.0-nightly.20220813"
  resolved "https://registry.yarnpkg.com/binaryen/-/binaryen-109.0.0-nightly.20220813.tgz#6928acf8820fc1270d41dbb157c0c2337a067d20"
  integrity sha512-u85Ti3LiGRrV0HqdNDRknalkx7QiCSL0jNsEsT522nnZacWxUaSJEILphxc2OnzmHVtdiWBE3c4lEzlU3ZEyDw==

long@^5.2.0:
  version "5.2.0"
  resolved "https://registry.yarnpkg.com/long/-/long-5.2.0.tgz#2696dadf4b4da2ce3f6f6b89186085d94d52fd61"
  integrity sha512-9RTUNjK60eJbx3uz+TEGF7fUr29ZDxR5QzXcyDpeSfeH28S9ycINflOgOlppit5U+4kNTe83KQnMEerw7GmE8w==
